
Microsoft Visual Studio Solution File, Format Version 12.00
# Visual Studio Version 17
VisualStudioVersion = 17.1.32328.378
MinimumVisualStudioVersion = 10.0.40219.1
Project("{8BC9CEB8-8B4A-11D0-8D11-00A0C91BC942}") = "Arrays", "Arrays\Arrays.vcxproj", "{C245AE7B-F882-40DD-9134-4A81EC63A308}"
EndProject
Project("{8BC9CEB8-8B4A-11D0-8D11-00A0C91BC942}") = "2D", "2D\2D.vcxproj", "{A46F866D-2B16-43FA-8B76-FF6BF40DC1A7}"
EndProject
Project("{8BC9CEB8-8B4A-11D0-8D11-00A0C91BC942}") = "Analysis Homework 1 (Shift)", "Analysis Homework 1 (Shift)\Analysis Homework 1 (Shift).vcxproj", "{AEA11597-7BB1-4D33-A847-2CD55CA29D33}"
EndProject
Project("{8BC9CEB8-8B4A-11D0-8D11-00A0C91BC942}") = "Analysis Homework 4", "Analysis Homework 4\Analysis Homework 4.vcxproj", "{3C0A3016-F080-4064-AB39-8D18EFC4D53A}"
EndProject
Project("{8BC9CEB8-8B4A-11D0-8D11-00A0C91BC942}") = "Homework 1 (Shift)", "Homework 1 (Shift)\Homework 1 (Shift).vcxproj", "{0617B125-EB09-4503-B166-B5269ECFBCAD}"
EndProject
Project("{8BC9CEB8-8B4A-11D0-8D11-00A0C91BC942}") = "Homework 2", "Homework 2\Homework 2.vcxproj", "{BD24CA91-1791-4263-B802-DCB19B269564}"
EndProject
Project("{8BC9CEB8-8B4A-11D0-8D11-00A0C91BC942}") = "Homework 3", "Homework 3\Homework 3.vcxproj", "{637D95B6-4C81-46C4-BF77-7146D58155AA}"
EndProject
Project("{8BC9CEB8-8B4A-11D0-8D11-00A0C91BC942}") = "Homework 4", "Homework 4\Homework 4.vcxproj", "{9DBC7722-132D-42B9-B50E-C21DE47343EA}"
EndProject
Project("{8BC9CEB8-8B4A-11D0-8D11-00A0C91BC942}") = "Homework 5", "Homework 5\Homework 5.vcxproj", "{FD782B56-E5A7-4400-ACAA-FBBE9C90AB1F}"
EndProject
Project("{8BC9CEB8-8B4A-11D0-8D11-00A0C91BC942}") = "Numerics", "Numerics\Numerics.vcxproj", "{AA581C74-78D4-4486-9905-4A499E028B15}"
EndProject
Project("{8BC9CEB8-8B4A-11D0-8D11-00A0C91BC942}") = "Random", "Random\Random.vcxproj", "{948DF3AA-31D8-4F4D-A553-3215E1027E6B}"
EndProject
Project("{8BC9CEB8-8B4A-11D0-8D11-00A0C91BC942}") = "Repeats", "Repeats\Repeats.vcxproj", "{3002F182-86D1-4489-9E03-4A1232CE0518}"
EndProject
Project("{8BC9CEB8-8B4A-11D0-8D11-00A0C91BC942}") = "Sort", "Sort\Sort.vcxproj", "{14BA13E0-EC46-4902-8144-A80F2F5E56A6}"
EndProject
Project("{8BC9CEB8-8B4A-11D0-8D11-00A0C91BC942}") = "UniqueRandom", "UniqueRandom\UniqueRandom.vcxproj", "{884ADC49-DB13-4F52-9CA5-0BFDE695A4A2}"
EndProject
Project("{8BC9CEB8-8B4A-11D0-8D11-00A0C91BC942}") = "Homework 6", "Homework 6\Homework 6.vcxproj", "{6F4D7136-32BF-425C-87D6-80D105F5D266}"
EndProject
Project("{8BC9CEB8-8B4A-11D0-8D11-00A0C91BC942}") = "Whatisit", "Whatisit\Whatisit.vcxproj", "{6DD01103-BB12-4B46-B5EF-E897AB7E9094}"
EndProject
Project("{8BC9CEB8-8B4A-11D0-8D11-00A0C91BC942}") = "Analysis Homework 3", "Analysis Homework 3\Analysis Homework 3.vcxproj", "{37E8A073-8917-47ED-8E19-3AE0CBDCC221}"
EndProject
Global
	GlobalSection(SolutionConfigurationPlatforms) = preSolution
		Debug|x64 = Debug|x64
		Debug|x86 = Debug|x86
		Release|x64 = Release|x64
		Release|x86 = Release|x86
	EndGlobalSection
	GlobalSection(ProjectConfigurationPlatforms) = postSolution
		{C245AE7B-F882-40DD-9134-4A81EC63A308}.Debug|x64.ActiveCfg = Debug|x64
		{C245AE7B-F882-40DD-9134-4A81EC63A308}.Debug|x64.Build.0 = Debug|x64
		{C245AE7B-F882-40DD-9134-4A81EC63A308}.Debug|x86.ActiveCfg = Debug|Win32
		{C245AE7B-F882-40DD-9134-4A81EC63A308}.Debug|x86.Build.0 = Debug|Win32
		{C245AE7B-F882-40DD-9134-4A81EC63A308}.Release|x64.ActiveCfg = Release|x64
		{C245AE7B-F882-40DD-9134-4A81EC63A308}.Release|x64.Build.0 = Release|x64
		{C245AE7B-F882-40DD-9134-4A81EC63A308}.Release|x86.ActiveCfg = Release|Win32
		{C245AE7B-F882-40DD-9134-4A81EC63A308}.Release|x86.Build.0 = Release|Win32
		{A46F866D-2B16-43FA-8B76-FF6BF40DC1A7}.Debug|x64.ActiveCfg = Debug|x64
		{A46F866D-2B16-43FA-8B76-FF6BF40DC1A7}.Debug|x64.Build.0 = Debug|x64
		{A46F866D-2B16-43FA-8B76-FF6BF40DC1A7}.Debug|x86.ActiveCfg = Debug|Win32
		{A46F866D-2B16-43FA-8B76-FF6BF40DC1A7}.Debug|x86.Build.0 = Debug|Win32
		{A46F866D-2B16-43FA-8B76-FF6BF40DC1A7}.Release|x64.ActiveCfg = Release|x64
		{A46F866D-2B16-43FA-8B76-FF6BF40DC1A7}.Release|x64.Build.0 = Release|x64
		{A46F866D-2B16-43FA-8B76-FF6BF40DC1A7}.Release|x86.ActiveCfg = Release|Win32
		{A46F866D-2B16-43FA-8B76-FF6BF40DC1A7}.Release|x86.Build.0 = Release|Win32
		{AEA11597-7BB1-4D33-A847-2CD55CA29D33}.Debug|x64.ActiveCfg = Debug|x64
		{AEA11597-7BB1-4D33-A847-2CD55CA29D33}.Debug|x64.Build.0 = Debug|x64
		{AEA11597-7BB1-4D33-A847-2CD55CA29D33}.Debug|x86.ActiveCfg = Debug|Win32
		{AEA11597-7BB1-4D33-A847-2CD55CA29D33}.Debug|x86.Build.0 = Debug|Win32
		{AEA11597-7BB1-4D33-A847-2CD55CA29D33}.Release|x64.ActiveCfg = Release|x64
		{AEA11597-7BB1-4D33-A847-2CD55CA29D33}.Release|x64.Build.0 = Release|x64
		{AEA11597-7BB1-4D33-A847-2CD55CA29D33}.Release|x86.ActiveCfg = Release|Win32
		{AEA11597-7BB1-4D33-A847-2CD55CA29D33}.Release|x86.Build.0 = Release|Win32
		{3C0A3016-F080-4064-AB39-8D18EFC4D53A}.Debug|x64.ActiveCfg = Debug|x64
		{3C0A3016-F080-4064-AB39-8D18EFC4D53A}.Debug|x64.Build.0 = Debug|x64
		{3C0A3016-F080-4064-AB39-8D18EFC4D53A}.Debug|x86.ActiveCfg = Debug|Win32
		{3C0A3016-F080-4064-AB39-8D18EFC4D53A}.Debug|x86.Build.0 = Debug|Win32
		{3C0A3016-F080-4064-AB39-8D18EFC4D53A}.Release|x64.ActiveCfg = Release|x64
		{3C0A3016-F080-4064-AB39-8D18EFC4D53A}.Release|x64.Build.0 = Release|x64
		{3C0A3016-F080-4064-AB39-8D18EFC4D53A}.Release|x86.ActiveCfg = Release|Win32
		{3C0A3016-F080-4064-AB39-8D18EFC4D53A}.Release|x86.Build.0 = Release|Win32
		{0617B125-EB09-4503-B166-B5269ECFBCAD}.Debug|x64.ActiveCfg = Debug|x64
		{0617B125-EB09-4503-B166-B5269ECFBCAD}.Debug|x64.Build.0 = Debug|x64
		{0617B125-EB09-4503-B166-B5269ECFBCAD}.Debug|x86.ActiveCfg = Debug|Win32
		{0617B125-EB09-4503-B166-B5269ECFBCAD}.Debug|x86.Build.0 = Debug|Win32
		{0617B125-EB09-4503-B166-B5269ECFBCAD}.Release|x64.ActiveCfg = Release|x64
		{0617B125-EB09-4503-B166-B5269ECFBCAD}.Release|x64.Build.0 = Release|x64
		{0617B125-EB09-4503-B166-B5269ECFBCAD}.Release|x86.ActiveCfg = Release|Win32
		{0617B125-EB09-4503-B166-B5269ECFBCAD}.Release|x86.Build.0 = Release|Win32
		{BD24CA91-1791-4263-B802-DCB19B269564}.Debug|x64.ActiveCfg = Debug|x64
		{BD24CA91-1791-4263-B802-DCB19B269564}.Debug|x64.Build.0 = Debug|x64
		{BD24CA91-1791-4263-B802-DCB19B269564}.Debug|x86.ActiveCfg = Debug|Win32
		{BD24CA91-1791-4263-B802-DCB19B269564}.Debug|x86.Build.0 = Debug|Win32
		{BD24CA91-1791-4263-B802-DCB19B269564}.Release|x64.ActiveCfg = Release|x64
		{BD24CA91-1791-4263-B802-DCB19B269564}.Release|x64.Build.0 = Release|x64
		{BD24CA91-1791-4263-B802-DCB19B269564}.Release|x86.ActiveCfg = Release|Win32
		{BD24CA91-1791-4263-B802-DCB19B269564}.Release|x86.Build.0 = Release|Win32
		{637D95B6-4C81-46C4-BF77-7146D58155AA}.Debug|x64.ActiveCfg = Debug|x64
		{637D95B6-4C81-46C4-BF77-7146D58155AA}.Debug|x64.Build.0 = Debug|x64
		{637D95B6-4C81-46C4-BF77-7146D58155AA}.Debug|x86.ActiveCfg = Debug|Win32
		{637D95B6-4C81-46C4-BF77-7146D58155AA}.Debug|x86.Build.0 = Debug|Win32
		{637D95B6-4C81-46C4-BF77-7146D58155AA}.Release|x64.ActiveCfg = Release|x64
		{637D95B6-4C81-46C4-BF77-7146D58155AA}.Release|x64.Build.0 = Release|x64
		{637D95B6-4C81-46C4-BF77-7146D58155AA}.Release|x86.ActiveCfg = Release|Win32
		{637D95B6-4C81-46C4-BF77-7146D58155AA}.Release|x86.Build.0 = Release|Win32
		{9DBC7722-132D-42B9-B50E-C21DE47343EA}.Debug|x64.ActiveCfg = Debug|x64
		{9DBC7722-132D-42B9-B50E-C21DE47343EA}.Debug|x64.Build.0 = Debug|x64
		{9DBC7722-132D-42B9-B50E-C21DE47343EA}.Debug|x86.ActiveCfg = Debug|Win32
		{9DBC7722-132D-42B9-B50E-C21DE47343EA}.Debug|x86.Build.0 = Debug|Win32
		{9DBC7722-132D-42B9-B50E-C21DE47343EA}.Release|x64.ActiveCfg = Release|x64
		{9DBC7722-132D-42B9-B50E-C21DE47343EA}.Release|x64.Build.0 = Release|x64
		{9DBC7722-132D-42B9-B50E-C21DE47343EA}.Release|x86.ActiveCfg = Release|Win32
		{9DBC7722-132D-42B9-B50E-C21DE47343EA}.Release|x86.Build.0 = Release|Win32
		{FD782B56-E5A7-4400-ACAA-FBBE9C90AB1F}.Debug|x64.ActiveCfg = Debug|x64
		{FD782B56-E5A7-4400-ACAA-FBBE9C90AB1F}.Debug|x64.Build.0 = Debug|x64
		{FD782B56-E5A7-4400-ACAA-FBBE9C90AB1F}.Debug|x86.ActiveCfg = Debug|Win32
		{FD782B56-E5A7-4400-ACAA-FBBE9C90AB1F}.Debug|x86.Build.0 = Debug|Win32
		{FD782B56-E5A7-4400-ACAA-FBBE9C90AB1F}.Release|x64.ActiveCfg = Release|x64
		{FD782B56-E5A7-4400-ACAA-FBBE9C90AB1F}.Release|x64.Build.0 = Release|x64
		{FD782B56-E5A7-4400-ACAA-FBBE9C90AB1F}.Release|x86.ActiveCfg = Release|Win32
		{FD782B56-E5A7-4400-ACAA-FBBE9C90AB1F}.Release|x86.Build.0 = Release|Win32
		{AA581C74-78D4-4486-9905-4A499E028B15}.Debug|x64.ActiveCfg = Debug|x64
		{AA581C74-78D4-4486-9905-4A499E028B15}.Debug|x64.Build.0 = Debug|x64
		{AA581C74-78D4-4486-9905-4A499E028B15}.Debug|x86.ActiveCfg = Debug|Win32
		{AA581C74-78D4-4486-9905-4A499E028B15}.Debug|x86.Build.0 = Debug|Win32
		{AA581C74-78D4-4486-9905-4A499E028B15}.Release|x64.ActiveCfg = Release|x64
		{AA581C74-78D4-4486-9905-4A499E028B15}.Release|x64.Build.0 = Release|x64
		{AA581C74-78D4-4486-9905-4A499E028B15}.Release|x86.ActiveCfg = Release|Win32
		{AA581C74-78D4-4486-9905-4A499E028B15}.Release|x86.Build.0 = Release|Win32
		{948DF3AA-31D8-4F4D-A553-3215E1027E6B}.Debug|x64.ActiveCfg = Debug|x64
		{948DF3AA-31D8-4F4D-A553-3215E1027E6B}.Debug|x64.Build.0 = Debug|x64
		{948DF3AA-31D8-4F4D-A553-3215E1027E6B}.Debug|x86.ActiveCfg = Debug|Win32
		{948DF3AA-31D8-4F4D-A553-3215E1027E6B}.Debug|x86.Build.0 = Debug|Win32
		{948DF3AA-31D8-4F4D-A553-3215E1027E6B}.Release|x64.ActiveCfg = Release|x64
		{948DF3AA-31D8-4F4D-A553-3215E1027E6B}.Release|x64.Build.0 = Release|x64
		{948DF3AA-31D8-4F4D-A553-3215E1027E6B}.Release|x86.ActiveCfg = Release|Win32
		{948DF3AA-31D8-4F4D-A553-3215E1027E6B}.Release|x86.Build.0 = Release|Win32
		{3002F182-86D1-4489-9E03-4A1232CE0518}.Debug|x64.ActiveCfg = Debug|x64
		{3002F182-86D1-4489-9E03-4A1232CE0518}.Debug|x64.Build.0 = Debug|x64
		{3002F182-86D1-4489-9E03-4A1232CE0518}.Debug|x86.ActiveCfg = Debug|Win32
		{3002F182-86D1-4489-9E03-4A1232CE0518}.Debug|x86.Build.0 = Debug|Win32
		{3002F182-86D1-4489-9E03-4A1232CE0518}.Release|x64.ActiveCfg = Release|x64
		{3002F182-86D1-4489-9E03-4A1232CE0518}.Release|x64.Build.0 = Release|x64
		{3002F182-86D1-4489-9E03-4A1232CE0518}.Release|x86.ActiveCfg = Release|Win32
		{3002F182-86D1-4489-9E03-4A1232CE0518}.Release|x86.Build.0 = Release|Win32
		{14BA13E0-EC46-4902-8144-A80F2F5E56A6}.Debug|x64.ActiveCfg = Debug|x64
		{14BA13E0-EC46-4902-8144-A80F2F5E56A6}.Debug|x64.Build.0 = Debug|x64
		{14BA13E0-EC46-4902-8144-A80F2F5E56A6}.Debug|x86.ActiveCfg = Debug|Win32
		{14BA13E0-EC46-4902-8144-A80F2F5E56A6}.Debug|x86.Build.0 = Debug|Win32
		{14BA13E0-EC46-4902-8144-A80F2F5E56A6}.Release|x64.ActiveCfg = Release|x64
		{14BA13E0-EC46-4902-8144-A80F2F5E56A6}.Release|x64.Build.0 = Release|x64
		{14BA13E0-EC46-4902-8144-A80F2F5E56A6}.Release|x86.ActiveCfg = Release|Win32
		{14BA13E0-EC46-4902-8144-A80F2F5E56A6}.Release|x86.Build.0 = Release|Win32
		{884ADC49-DB13-4F52-9CA5-0BFDE695A4A2}.Debug|x64.ActiveCfg = Debug|x64
		{884ADC49-DB13-4F52-9CA5-0BFDE695A4A2}.Debug|x64.Build.0 = Debug|x64
		{884ADC49-DB13-4F52-9CA5-0BFDE695A4A2}.Debug|x86.ActiveCfg = Debug|Win32
		{884ADC49-DB13-4F52-9CA5-0BFDE695A4A2}.Debug|x86.Build.0 = Debug|Win32
		{884ADC49-DB13-4F52-9CA5-0BFDE695A4A2}.Release|x64.ActiveCfg = Release|x64
		{884ADC49-DB13-4F52-9CA5-0BFDE695A4A2}.Release|x64.Build.0 = Release|x64
		{884ADC49-DB13-4F52-9CA5-0BFDE695A4A2}.Release|x86.ActiveCfg = Release|Win32
		{884ADC49-DB13-4F52-9CA5-0BFDE695A4A2}.Release|x86.Build.0 = Release|Win32
		{6F4D7136-32BF-425C-87D6-80D105F5D266}.Debug|x64.ActiveCfg = Debug|x64
		{6F4D7136-32BF-425C-87D6-80D105F5D266}.Debug|x64.Build.0 = Debug|x64
		{6F4D7136-32BF-425C-87D6-80D105F5D266}.Debug|x86.ActiveCfg = Debug|Win32
		{6F4D7136-32BF-425C-87D6-80D105F5D266}.Debug|x86.Build.0 = Debug|Win32
		{6F4D7136-32BF-425C-87D6-80D105F5D266}.Release|x64.ActiveCfg = Release|x64
		{6F4D7136-32BF-425C-87D6-80D105F5D266}.Release|x64.Build.0 = Release|x64
		{6F4D7136-32BF-425C-87D6-80D105F5D266}.Release|x86.ActiveCfg = Release|Win32
		{6F4D7136-32BF-425C-87D6-80D105F5D266}.Release|x86.Build.0 = Release|Win32
		{6DD01103-BB12-4B46-B5EF-E897AB7E9094}.Debug|x64.ActiveCfg = Debug|x64
		{6DD01103-BB12-4B46-B5EF-E897AB7E9094}.Debug|x64.Build.0 = Debug|x64
		{6DD01103-BB12-4B46-B5EF-E897AB7E9094}.Debug|x86.ActiveCfg = Debug|Win32
		{6DD01103-BB12-4B46-B5EF-E897AB7E9094}.Debug|x86.Build.0 = Debug|Win32
		{6DD01103-BB12-4B46-B5EF-E897AB7E9094}.Release|x64.ActiveCfg = Release|x64
		{6DD01103-BB12-4B46-B5EF-E897AB7E9094}.Release|x64.Build.0 = Release|x64
		{6DD01103-BB12-4B46-B5EF-E897AB7E9094}.Release|x86.ActiveCfg = Release|Win32
		{6DD01103-BB12-4B46-B5EF-E897AB7E9094}.Release|x86.Build.0 = Release|Win32
		{37E8A073-8917-47ED-8E19-3AE0CBDCC221}.Debug|x64.ActiveCfg = Debug|x64
		{37E8A073-8917-47ED-8E19-3AE0CBDCC221}.Debug|x64.Build.0 = Debug|x64
		{37E8A073-8917-47ED-8E19-3AE0CBDCC221}.Debug|x86.ActiveCfg = Debug|Win32
		{37E8A073-8917-47ED-8E19-3AE0CBDCC221}.Debug|x86.Build.0 = Debug|Win32
		{37E8A073-8917-47ED-8E19-3AE0CBDCC221}.Release|x64.ActiveCfg = Release|x64
		{37E8A073-8917-47ED-8E19-3AE0CBDCC221}.Release|x64.Build.0 = Release|x64
		{37E8A073-8917-47ED-8E19-3AE0CBDCC221}.Release|x86.ActiveCfg = Release|Win32
		{37E8A073-8917-47ED-8E19-3AE0CBDCC221}.Release|x86.Build.0 = Release|Win32
	EndGlobalSection
	GlobalSection(SolutionProperties) = preSolution
		HideSolutionNode = FALSE
	EndGlobalSection
	GlobalSection(ExtensibilityGlobals) = postSolution
		SolutionGuid = {5C41FCF6-B702-493F-82A9-44A9BE81BE69}
	EndGlobalSection
EndGlobal
